
Microsoft Visual Studio Solution File, Format Version 12.00
# Visual Studio Version 17
VisualStudioVersion = 17.13.35818.85 d17.13
MinimumVisualStudioVersion = 10.0.40219.1
Project("{FAE04EC0-301F-11D3-BF4B-00C04F79EFBC}") = "mrv_lead_manager_back", "mrv_lead_manager_back\mrv_lead_manager_back.csproj", "{DAD784B3-7821-4652-9008-80126F49236C}"
EndProject
Project("{FAE04EC0-301F-11D3-BF4B-00C04F79EFBC}") = "Domain", "Domain\Domain.csproj", "{B2FB29A7-94A3-4377-A922-8A105174F4C4}"
EndProject
Project("{FAE04EC0-301F-11D3-BF4B-00C04F79EFBC}") = "Infraestructure", "Infraestructure\Infraestructure.csproj", "{01601F85-7A31-4341-A141-FBE263E49C9E}"
EndProject
Project("{FAE04EC0-301F-11D3-BF4B-00C04F79EFBC}") = "Shareds", "Shareds\Shareds.csproj", "{DA4094CF-5341-446E-8439-E2F9480C5091}"
EndProject
Project("{FAE04EC0-301F-11D3-BF4B-00C04F79EFBC}") = "Aplication", "Aplication\Aplication.csproj", "{D1DBC897-54B7-49F9-8AAD-4F2758A7E0AF}"
EndProject
Global
	GlobalSection(SolutionConfigurationPlatforms) = preSolution
		Debug|Any CPU = Debug|Any CPU
		Release|Any CPU = Release|Any CPU
	EndGlobalSection
	GlobalSection(ProjectConfigurationPlatforms) = postSolution
		{DAD784B3-7821-4652-9008-80126F49236C}.Debug|Any CPU.ActiveCfg = Debug|Any CPU
		{DAD784B3-7821-4652-9008-80126F49236C}.Debug|Any CPU.Build.0 = Debug|Any CPU
		{DAD784B3-7821-4652-9008-80126F49236C}.Release|Any CPU.ActiveCfg = Release|Any CPU
		{DAD784B3-7821-4652-9008-80126F49236C}.Release|Any CPU.Build.0 = Release|Any CPU
		{B2FB29A7-94A3-4377-A922-8A105174F4C4}.Debug|Any CPU.ActiveCfg = Debug|Any CPU
		{B2FB29A7-94A3-4377-A922-8A105174F4C4}.Debug|Any CPU.Build.0 = Debug|Any CPU
		{B2FB29A7-94A3-4377-A922-8A105174F4C4}.Release|Any CPU.ActiveCfg = Release|Any CPU
		{B2FB29A7-94A3-4377-A922-8A105174F4C4}.Release|Any CPU.Build.0 = Release|Any CPU
		{01601F85-7A31-4341-A141-FBE263E49C9E}.Debug|Any CPU.ActiveCfg = Debug|Any CPU
		{01601F85-7A31-4341-A141-FBE263E49C9E}.Debug|Any CPU.Build.0 = Debug|Any CPU
		{01601F85-7A31-4341-A141-FBE263E49C9E}.Release|Any CPU.ActiveCfg = Release|Any CPU
		{01601F85-7A31-4341-A141-FBE263E49C9E}.Release|Any CPU.Build.0 = Release|Any CPU
		{DA4094CF-5341-446E-8439-E2F9480C5091}.Debug|Any CPU.ActiveCfg = Debug|Any CPU
		{DA4094CF-5341-446E-8439-E2F9480C5091}.Debug|Any CPU.Build.0 = Debug|Any CPU
		{DA4094CF-5341-446E-8439-E2F9480C5091}.Release|Any CPU.ActiveCfg = Release|Any CPU
		{DA4094CF-5341-446E-8439-E2F9480C5091}.Release|Any CPU.Build.0 = Release|Any CPU
		{D1DBC897-54B7-49F9-8AAD-4F2758A7E0AF}.Debug|Any CPU.ActiveCfg = Debug|Any CPU
		{D1DBC897-54B7-49F9-8AAD-4F2758A7E0AF}.Debug|Any CPU.Build.0 = Debug|Any CPU
		{D1DBC897-54B7-49F9-8AAD-4F2758A7E0AF}.Release|Any CPU.ActiveCfg = Release|Any CPU
		{D1DBC897-54B7-49F9-8AAD-4F2758A7E0AF}.Release|Any CPU.Build.0 = Release|Any CPU
	EndGlobalSection
	GlobalSection(SolutionProperties) = preSolution
		HideSolutionNode = FALSE
	EndGlobalSection
	GlobalSection(ExtensibilityGlobals) = postSolution
		SolutionGuid = {EB843A73-B274-4543-921E-88E480F652C2}
	EndGlobalSection
EndGlobal
